
Microsoft Visual Studio Solution File, Format Version 12.00
# Visual Studio Version 17
VisualStudioVersion = 17.8.34330.188
MinimumVisualStudioVersion = 10.0.40219.1
Project("{FAE04EC0-301F-11D3-BF4B-00C04F79EFBC}") = "CatchAllAPI", "CatchAllAPI.csproj", "{6AFF62A3-FE67-4AA5-AF00-01ADC9FFADE0}"
EndProject
Global
	GlobalSection(SolutionConfigurationPlatforms) = preSolution
		Debug|Any CPU = Debug|Any CPU
		Release|Any CPU = Release|Any CPU
	EndGlobalSection
	GlobalSection(ProjectConfigurationPlatforms) = postSolution
		{6AFF62A3-FE67-4AA5-AF00-01ADC9FFADE0}.Debug|Any CPU.ActiveCfg = Debug|Any CPU
		{6AFF62A3-FE67-4AA5-AF00-01ADC9FFADE0}.Debug|Any CPU.Build.0 = Debug|Any CPU
		{6AFF62A3-FE67-4AA5-AF00-01ADC9FFADE0}.Release|Any CPU.ActiveCfg = Release|Any CPU
		{6AFF62A3-FE67-4AA5-AF00-01ADC9FFADE0}.Release|Any CPU.Build.0 = Release|Any CPU
	EndGlobalSection
	GlobalSection(SolutionProperties) = preSolution
		HideSolutionNode = FALSE
	EndGlobalSection
	GlobalSection(ExtensibilityGlobals) = postSolution
		SolutionGuid = {AA50FEC7-F717-A477-AEF9-88867038F77A}
	EndGlobalSection
EndGlobal
